
Microsoft Visual Studio Solution File, Format Version 12.00
# Visual Studio Version 17
VisualStudioVersion = 17.11.35327.3
MinimumVisualStudioVersion = 10.0.40219.1
Project("{FAE04EC0-301F-11D3-BF4B-00C04F79EFBC}") = "DataAccess", "DataAccess\DataAccess.csproj", "{D671D2F0-C57F-4F16-86A0-EC789165BC85}"
EndProject
Project("{FAE04EC0-301F-11D3-BF4B-00C04F79EFBC}") = "StartConsoleApp", "StartConsoleApp\StartConsoleApp.csproj", "{E3D8C5E7-28BE-448D-AD3C-994B6EB175B7}"
EndProject
Project("{FAE04EC0-301F-11D3-BF4B-00C04F79EFBC}") = "Benchmark", "Benchmark.ConsoleApp\Benchmark.csproj", "{527FDEAC-6F34-4C70-B823-11AE8E357BB2}"
EndProject
Project("{FAE04EC0-301F-11D3-BF4B-00C04F79EFBC}") = "AsNoTracking", "AsNoTracking\AsNoTracking.csproj", "{B9FD1198-1071-4F1B-B927-65BC93B5E8F3}"
EndProject
Project("{FAE04EC0-301F-11D3-BF4B-00C04F79EFBC}") = "SingleOrUnique", "SingleOrUnique\SingleOrUnique.csproj", "{21E1823E-49DD-4F3F-B135-2A3A8598FC4B}"
EndProject
Global
	GlobalSection(SolutionConfigurationPlatforms) = preSolution
		Debug|Any CPU = Debug|Any CPU
		Release|Any CPU = Release|Any CPU
	EndGlobalSection
	GlobalSection(ProjectConfigurationPlatforms) = postSolution
		{D671D2F0-C57F-4F16-86A0-EC789165BC85}.Debug|Any CPU.ActiveCfg = Debug|Any CPU
		{D671D2F0-C57F-4F16-86A0-EC789165BC85}.Debug|Any CPU.Build.0 = Debug|Any CPU
		{D671D2F0-C57F-4F16-86A0-EC789165BC85}.Release|Any CPU.ActiveCfg = Release|Any CPU
		{D671D2F0-C57F-4F16-86A0-EC789165BC85}.Release|Any CPU.Build.0 = Release|Any CPU
		{E3D8C5E7-28BE-448D-AD3C-994B6EB175B7}.Debug|Any CPU.ActiveCfg = Debug|Any CPU
		{E3D8C5E7-28BE-448D-AD3C-994B6EB175B7}.Debug|Any CPU.Build.0 = Debug|Any CPU
		{E3D8C5E7-28BE-448D-AD3C-994B6EB175B7}.Release|Any CPU.ActiveCfg = Release|Any CPU
		{E3D8C5E7-28BE-448D-AD3C-994B6EB175B7}.Release|Any CPU.Build.0 = Release|Any CPU
		{527FDEAC-6F34-4C70-B823-11AE8E357BB2}.Debug|Any CPU.ActiveCfg = Debug|Any CPU
		{527FDEAC-6F34-4C70-B823-11AE8E357BB2}.Debug|Any CPU.Build.0 = Debug|Any CPU
		{527FDEAC-6F34-4C70-B823-11AE8E357BB2}.Release|Any CPU.ActiveCfg = Release|Any CPU
		{527FDEAC-6F34-4C70-B823-11AE8E357BB2}.Release|Any CPU.Build.0 = Release|Any CPU
		{B9FD1198-1071-4F1B-B927-65BC93B5E8F3}.Debug|Any CPU.ActiveCfg = Debug|Any CPU
		{B9FD1198-1071-4F1B-B927-65BC93B5E8F3}.Debug|Any CPU.Build.0 = Debug|Any CPU
		{B9FD1198-1071-4F1B-B927-65BC93B5E8F3}.Release|Any CPU.ActiveCfg = Release|Any CPU
		{B9FD1198-1071-4F1B-B927-65BC93B5E8F3}.Release|Any CPU.Build.0 = Release|Any CPU
		{21E1823E-49DD-4F3F-B135-2A3A8598FC4B}.Debug|Any CPU.ActiveCfg = Debug|Any CPU
		{21E1823E-49DD-4F3F-B135-2A3A8598FC4B}.Debug|Any CPU.Build.0 = Debug|Any CPU
		{21E1823E-49DD-4F3F-B135-2A3A8598FC4B}.Release|Any CPU.ActiveCfg = Release|Any CPU
		{21E1823E-49DD-4F3F-B135-2A3A8598FC4B}.Release|Any CPU.Build.0 = Release|Any CPU
	EndGlobalSection
	GlobalSection(SolutionProperties) = preSolution
		HideSolutionNode = FALSE
	EndGlobalSection
	GlobalSection(ExtensibilityGlobals) = postSolution
		SolutionGuid = {A24D3658-D0DA-4F0F-8CFA-5A71686FC44D}
	EndGlobalSection
EndGlobal
